
Microsoft Visual Studio Solution File, Format Version 12.00
Project("{FAE04EC0-301F-11D3-BF4B-00C04F79EFBC}") = "Pablocom.LinqExtensions", "Pablocom.LinqExtensions\Pablocom.LinqExtensions.csproj", "{1A200487-2788-4675-AB87-7654931FB768}"
EndProject
Project("{FAE04EC0-301F-11D3-BF4B-00C04F79EFBC}") = "Pablocom.LinqExtensions.UnitTests", "Pablocom.LinqExtensions.UnitTests\Pablocom.LinqExtensions.UnitTests.csproj", "{1B1E390E-7C50-4138-9A59-981BB7DC2A6D}"
EndProject
Global
	GlobalSection(SolutionConfigurationPlatforms) = preSolution
		Debug|Any CPU = Debug|Any CPU
		Release|Any CPU = Release|Any CPU
	EndGlobalSection
	GlobalSection(ProjectConfigurationPlatforms) = postSolution
		{1A200487-2788-4675-AB87-7654931FB768}.Debug|Any CPU.ActiveCfg = Debug|Any CPU
		{1A200487-2788-4675-AB87-7654931FB768}.Debug|Any CPU.Build.0 = Debug|Any CPU
		{1A200487-2788-4675-AB87-7654931FB768}.Release|Any CPU.ActiveCfg = Release|Any CPU
		{1A200487-2788-4675-AB87-7654931FB768}.Release|Any CPU.Build.0 = Release|Any CPU
		{1B1E390E-7C50-4138-9A59-981BB7DC2A6D}.Debug|Any CPU.ActiveCfg = Debug|Any CPU
		{1B1E390E-7C50-4138-9A59-981BB7DC2A6D}.Debug|Any CPU.Build.0 = Debug|Any CPU
		{1B1E390E-7C50-4138-9A59-981BB7DC2A6D}.Release|Any CPU.ActiveCfg = Release|Any CPU
		{1B1E390E-7C50-4138-9A59-981BB7DC2A6D}.Release|Any CPU.Build.0 = Release|Any CPU
	EndGlobalSection
EndGlobal
